
Microsoft Visual Studio Solution File, Format Version 12.00
# Visual Studio Version 16
VisualStudioVersion = 16.0.30907.101
MinimumVisualStudioVersion = 10.0.40219.1
Project("{FAE04EC0-301F-11D3-BF4B-00C04F79EFBC}") = "ArtPix Dashboard", "ArtPix Dashboard\ArtPix Dashboard.csproj", "{D0EC37E1-481D-4C22-AD24-4D5E6C912DB9}"
EndProject
Global
	GlobalSection(SolutionConfigurationPlatforms) = preSolution
		Debug|Any CPU = Debug|Any CPU
		Release|Any CPU = Release|Any CPU
	EndGlobalSection
	GlobalSection(ProjectConfigurationPlatforms) = postSolution
		{D0EC37E1-481D-4C22-AD24-4D5E6C912DB9}.Debug|Any CPU.ActiveCfg = Debug|Any CPU
		{D0EC37E1-481D-4C22-AD24-4D5E6C912DB9}.Debug|Any CPU.Build.0 = Debug|Any CPU
		{D0EC37E1-481D-4C22-AD24-4D5E6C912DB9}.Release|Any CPU.ActiveCfg = Release|Any CPU
		{D0EC37E1-481D-4C22-AD24-4D5E6C912DB9}.Release|Any CPU.Build.0 = Release|Any CPU
	EndGlobalSection
	GlobalSection(SolutionProperties) = preSolution
		HideSolutionNode = FALSE
	EndGlobalSection
	GlobalSection(ExtensibilityGlobals) = postSolution
		SolutionGuid = {7B4B4B57-2BAC-4026-B177-ED2861ED6F44}
	EndGlobalSection
EndGlobal
